// !$*UTF8*$!
{
	archiveVersion = 1;
	classes = {
	};
	objectVersion = 50;
	objects = {

/* Begin PBXBuildFile section */
		FA8E7D982771608300ECBFC1 /* AppDelegate.swift in Sources */ = {isa = PBXBuildFile; fileRef = FA8E7D972771608300ECBFC1 /* AppDelegate.swift */; };
		FA8E7D9A2771608300ECBFC1 /* SceneDelegate.swift in Sources */ = {isa = PBXBuildFile; fileRef = FA8E7D992771608300ECBFC1 /* SceneDelegate.swift */; };
		FA8E7D9C2771608300ECBFC1 /* ViewController.swift in Sources */ = {isa = PBXBuildFile; fileRef = FA8E7D9B2771608300ECBFC1 /* ViewController.swift */; };
		FA8E7D9F2771608300ECBFC1 /* Main.storyboard in Resources */ = {isa = PBXBuildFile; fileRef = FA8E7D9D2771608300ECBFC1 /* Main.storyboard */; };
		FA8E7DA12771608400ECBFC1 /* Assets.xcassets in Resources */ = {isa = PBXBuildFile; fileRef = FA8E7DA02771608400ECBFC1 /* Assets.xcassets */; };
		FA8E7DA42771608400ECBFC1 /* LaunchScreen.storyboard in Resources */ = {isa = PBXBuildFile; fileRef = FA8E7DA22771608400ECBFC1 /* LaunchScreen.storyboard */; };
		FA8E7DAE2771BCE500ECBFC1 /* register.swift in Sources */ = {isa = PBXBuildFile; fileRef = FA8E7DAD2771BCE500ECBFC1 /* register.swift */; };
		FA8E7DB02772CA5900ECBFC1 /* LoginViewController.swift in Sources */ = {isa = PBXBuildFile; fileRef = FA8E7DAF2772CA5900ECBFC1 /* LoginViewController.swift */; };
/* End PBXBuildFile section */

/* Begin PBXFileReference section */
		FA8E7D942771608300ECBFC1 /* Bài Tập13.app */ = {isa = PBXFileReference; explicitFileType = wrapper.application; includeInIndex = 0; path = "Bài Tập13.app"; sourceTree = BUILT_PRODUCTS_DIR; };
		FA8E7D972771608300ECBFC1 /* AppDelegate.swift */ = {isa = PBXFileReference; lastKnownFileType = sourcecode.swift; path = AppDelegate.swift; sourceTree = "<group>"; };
		FA8E7D992771608300ECBFC1 /* SceneDelegate.swift */ = {isa = PBXFileReference; lastKnownFileType = sourcecode.swift; path = SceneDelegate.swift; sourceTree = "<group>"; };
		FA8E7D9B2771608300ECBFC1 /* ViewController.swift */ = {isa = PBXFileReference; lastKnownFileType = sourcecode.swift; path = ViewController.swift; sourceTree = "<group>"; };
		FA8E7D9E2771608300ECBFC1 /* Base */ = {isa = PBXFileReference; lastKnownFileType = file.storyboard; name = Base; path = Base.lproj/Main.storyboard; sourceTree = "<group>"; };
		FA8E7DA02771608400ECBFC1 /* Assets.xcassets */ = {isa = PBXFileReference; lastKnownFileType = folder.assetcatalog; path = Assets.xcassets; sourceTree = "<group>"; };
		FA8E7DA32771608400ECBFC1 /* Base */ = {isa = PBXFileReference; lastKnownFileType = file.storyboard; name = Base; path = Base.lproj/LaunchScreen.storyboard; sourceTree = "<group>"; };
		FA8E7DA52771608400ECBFC1 /* Info.plist */ = {isa = PBXFileReference; lastKnownFileType = text.plist.xml; path = Info.plist; sourceTree = "<group>"; };
		FA8E7DAD2771BCE500ECBFC1 /* register.swift */ = {isa = PBXFileReference; lastKnownFileType = sourcecode.swift; path = register.swift; sourceTree = "<group>"; };
		FA8E7DAF2772CA5900ECBFC1 /* LoginViewController.swift */ = {isa = PBXFileReference; lastKnownFileType = sourcecode.swift; path = LoginViewController.swift; sourceTree = "<group>"; };
/* End PBXFileReference section */

/* Begin PBXFrameworksBuildPhase section */
		FA8E7D912771608300ECBFC1 /* Frameworks */ = {
			isa = PBXFrameworksBuildPhase;
			buildActionMask = 2147483647;
			files = (
			);
			runOnlyForDeploymentPostprocessing = 0;
		};
/* End PBXFrameworksBuildPhase section */

/* Begin PBXGroup section */
		FA8E7D8B2771608300ECBFC1 = {
			isa = PBXGroup;
			children = (
				FA8E7D962771608300ECBFC1 /* Bài Tập13 */,
				FA8E7D952771608300ECBFC1 /* Products */,
			);
			sourceTree = "<group>";
		};
		FA8E7D952771608300ECBFC1 /* Products */ = {
			isa = PBXGroup;
			children = (
				FA8E7D942771608300ECBFC1 /* Bài Tập13.app */,
			);
			name = Products;
			sourceTree = "<group>";
		};
		FA8E7D962771608300ECBFC1 /* Bài Tập13 */ = {
			isa = PBXGroup;
			children = (
				FA8E7D972771608300ECBFC1 /* AppDelegate.swift */,
				FA8E7D992771608300ECBFC1 /* SceneDelegate.swift */,
				FA8E7D9B2771608300ECBFC1 /* ViewController.swift */,
				FA8E7D9D2771608300ECBFC1 /* Main.storyboard */,
				FA8E7DA02771608400ECBFC1 /* Assets.xcassets */,
				FA8E7DA22771608400ECBFC1 /* LaunchScreen.storyboard */,
				FA8E7DA52771608400ECBFC1 /* Info.plist */,
				FA8E7DAD2771BCE500ECBFC1 /* register.swift */,
				FA8E7DAF2772CA5900ECBFC1 /* LoginViewController.swift */,
			);
			path = "Bài Tập13";
			sourceTree = "<group>";
		};
/* End PBXGroup section */

/* Begin PBXNativeTarget section */
		FA8E7D932771608300ECBFC1 /* Bài Tập13 */ = {
			isa = PBXNativeTarget;
			buildConfigurationList = FA8E7DA82771608400ECBFC1 /* Build configuration list for PBXNativeTarget "Bài Tập13" */;
			buildPhases = (
				FA8E7D902771608300ECBFC1 /* Sources */,
				FA8E7D912771608300ECBFC1 /* Frameworks */,
				FA8E7D922771608300ECBFC1 /* Resources */,
			);
			buildRules = (
			);
			dependencies = (
			);
			name = "Bài Tập13";
			productName = "Bài Tập13";
			productReference = FA8E7D942771608300ECBFC1 /* Bài Tập13.app */;
			productType = "com.apple.product-type.application";
		};
/* End PBXNativeTarget section */

/* Begin PBXProject section */
		FA8E7D8C2771608300ECBFC1 /* Project object */ = {
			isa = PBXProject;
			attributes = {
				LastSwiftUpdateCheck = 1250;
				LastUpgradeCheck = 1250;
				TargetAttributes = {
					FA8E7D932771608300ECBFC1 = {
						CreatedOnToolsVersion = 12.5.1;
					};
				};
			};
			buildConfigurationList = FA8E7D8F2771608300ECBFC1 /* Build configuration list for PBXProject "Bài Tập13" */;
			compatibilityVersion = "Xcode 9.3";
			developmentRegion = en;
			hasScannedForEncodings = 0;
			knownRegions = (
				en,
				Base,
			);
			mainGroup = FA8E7D8B2771608300ECBFC1;
			productRefGroup = FA8E7D952771608300ECBFC1 /* Products */;
			projectDirPath = "";
			projectRoot = "";
			targets = (
				FA8E7D932771608300ECBFC1 /* Bài Tập13 */,
			);
		};
/* End PBXProject section */

/* Begin PBXResourcesBuildPhase section */
		FA8E7D922771608300ECBFC1 /* Resources */ = {
			isa = PBXResourcesBuildPhase;
			buildActionMask = 2147483647;
			files = (
				FA8E7DA42771608400ECBFC1 /* LaunchScreen.storyboard in Resources */,
				FA8E7DA12771608400ECBFC1 /* Assets.xcassets in Resources */,
				FA8E7D9F2771608300ECBFC1 /* Main.storyboard in Resources */,
			);
			runOnlyForDeploymentPostprocessing = 0;
		};
/* End PBXResourcesBuildPhase section */

/* Begin PBXSourcesBuildPhase section */
		FA8E7D902771608300ECBFC1 /* Sources */ = {
			isa = PBXSourcesBuildPhase;
			buildActionMask = 2147483647;
			files = (
				FA8E7DB02772CA5900ECBFC1 /* LoginViewController.swift in Sources */,
				FA8E7D9C2771608300ECBFC1 /* ViewController.swift in Sources */,
				FA8E7D982771608300ECBFC1 /* AppDelegate.swift in Sources */,
				FA8E7D9A2771608300ECBFC1 /* SceneDelegate.swift in Sources */,
				FA8E7DAE2771BCE500ECBFC1 /* register.swift in Sources */,
			);
			runOnlyForDeploymentPostprocessing = 0;
		};
/* End PBXSourcesBuildPhase section */

/* Begin PBXVariantGroup section */
		FA8E7D9D2771608300ECBFC1 /* Main.storyboard */ = {
			isa = PBXVariantGroup;
			children = (
				FA8E7D9E2771608300ECBFC1 /* Base */,
			);
			name = Main.storyboard;
			sourceTree = "<group>";
		};
		FA8E7DA22771608400ECBFC1 /* LaunchScreen.storyboard */ = {
			isa = PBXVariantGroup;
			children = (
				FA8E7DA32771608400ECBFC1 /* Base */,
			);
			name = LaunchScreen.storyboard;
			sourceTree = "<group>";
		};
/* End PBXVariantGroup section */

/* Begin XCBuildConfiguration section */
		FA8E7DA62771608400ECBFC1 /* Debug */ = {
			isa = XCBuildConfiguration;
			buildSettings = {
				ALWAYS_SEARCH_USER_PATHS = NO;
				CLANG_ANALYZER_NONNULL = YES;
				CLANG_ANALYZER_NUMBER_OBJECT_CONVERSION = YES_AGGRESSIVE;
				CLANG_CXX_LANGUAGE_STANDARD = "gnu++14";
				CLANG_CXX_LIBRARY = "libc++";
				CLANG_ENABLE_MODULES = YES;
				CLANG_ENABLE_OBJC_ARC = YES;
				CLANG_ENABLE_OBJC_WEAK = YES;
				CLANG_WARN_BLOCK_CAPTURE_AUTORELEASING = YES;
				CLANG_WARN_BOOL_CONVERSION = YES;
				CLANG_WARN_COMMA = YES;
				CLANG_WARN_CONSTANT_CONVERSION = YES;
				CLANG_WARN_DEPRECATED_OBJC_IMPLEMENTATIONS = YES;
				CLANG_WARN_DIRECT_OBJC_ISA_USAGE = YES_ERROR;
				CLANG_WARN_DOCUMENTATION_COMMENTS = YES;
				CLANG_WARN_EMPTY_BODY = YES;
				CLANG_WARN_ENUM_CONVERSION = YES;
				CLANG_WARN_INFINITE_RECURSION = YES;
				CLANG_WARN_INT_CONVERSION = YES;
				CLANG_WARN_NON_LITERAL_NULL_CONVERSION = YES;
				CLANG_WARN_OBJC_IMPLICIT_RETAIN_SELF = YES;
				CLANG_WARN_OBJC_LITERAL_CONVERSION = YES;
				CLANG_WARN_OBJC_ROOT_CLASS = YES_ERROR;
				CLANG_WARN_QUOTED_INCLUDE_IN_FRAMEWORK_HEADER = YES;
				CLANG_WARN_RANGE_LOOP_ANALYSIS = YES;
				CLANG_WARN_STRICT_PROTOTYPES = YES;
				CLANG_WARN_SUSPICIOUS_MOVE = YES;
				CLANG_WARN_UNGUARDED_AVAILABILITY = YES_AGGRESSIVE;
				CLANG_WARN_UNREACHABLE_CODE = YES;
				CLANG_WARN__DUPLICATE_METHOD_MATCH = YES;
				COPY_PHASE_STRIP = NO;
				DEBUG_INFORMATION_FORMAT = dwarf;
				ENABLE_STRICT_OBJC_MSGSEND = YES;
				ENABLE_TESTABILITY = YES;
				GCC_C_LANGUAGE_STANDARD = gnu11;
				GCC_DYNAMIC_NO_PIC = NO;
				GCC_NO_COMMON_BLOCKS = YES;
				GCC_OPTIMIZATION_LEVEL = 0;
				GCC_PREPROCESSOR_DEFINITIONS = (
					"DEBUG=1",
					"$(inherited)",
				);
				GCC_WARN_64_TO_32_BIT_CONVERSION = YES;
				GCC_WARN_ABOUT_RETURN_TYPE = YES_ERROR;
				GCC_WARN_UNDECLARED_SELECTOR = YES;
				GCC_WARN_UNINITIALIZED_AUTOS = YES_AGGRESSIVE;
				GCC_WARN_UNUSED_FUNCTION = YES;
				GCC_WARN_UNUSED_VARIABLE = YES;
				IPHONEOS_DEPLOYMENT_TARGET = 14.5;
				MTL_ENABLE_DEBUG_INFO = INCLUDE_SOURCE;
				MTL_FAST_MATH = YES;
				ONLY_ACTIVE_ARCH = YES;
				SDKROOT = iphoneos;
				SWIFT_ACTIVE_COMPILATION_CONDITIONS = DEBUG;
				SWIFT_OPTIMIZATION_LEVEL = "-Onone";
			};
			name = Debug;
		};
		FA8E7DA72771608400ECBFC1 /* Release */ = {
			isa = XCBuildConfiguration;
			buildSettings = {
				ALWAYS_SEARCH_USER_PATHS = NO;
				CLANG_ANALYZER_NONNULL = YES;
				CLANG_ANALYZER_NUMBER_OBJECT_CONVERSION = YES_AGGRESSIVE;
				CLANG_CXX_LANGUAGE_STANDARD = "gnu++14";
				CLANG_CXX_LIBRARY = "libc++";
				CLANG_ENABLE_MODULES = YES;
				CLANG_ENABLE_OBJC_ARC = YES;
				CLANG_ENABLE_OBJC_WEAK = YES;
				CLANG_WARN_BLOCK_CAPTURE_AUTORELEASING = YES;
				CLANG_WARN_BOOL_CONVERSION = YES;
				CLANG_WARN_COMMA = YES;
				CLANG_WARN_CONSTANT_CONVERSION = YES;
				CLANG_WARN_DEPRECATED_OBJC_IMPLEMENTATIONS = YES;
				CLANG_WARN_DIRECT_OBJC_ISA_USAGE = YES_ERROR;
				CLANG_WARN_DOCUMENTATION_COMMENTS = YES;
				CLANG_WARN_EMPTY_BODY = YES;
				CLANG_WARN_ENUM_CONVERSION = YES;
				CLANG_WARN_INFINITE_RECURSION = YES;
				CLANG_WARN_INT_CONVERSION = YES;
				CLANG_WARN_NON_LITERAL_NULL_CONVERSION = YES;
				CLANG_WARN_OBJC_IMPLICIT_RETAIN_SELF = YES;
				CLANG_WARN_OBJC_LITERAL_CONVERSION = YES;
				CLANG_WARN_OBJC_ROOT_CLASS = YES_ERROR;
				CLANG_WARN_QUOTED_INCLUDE_IN_FRAMEWORK_HEADER = YES;
				CLANG_WARN_RANGE_LOOP_ANALYSIS = YES;
				CLANG_WARN_STRICT_PROTOTYPES = YES;
				CLANG_WARN_SUSPICIOUS_MOVE = YES;
				CLANG_WARN_UNGUARDED_AVAILABILITY = YES_AGGRESSIVE;
				CLANG_WARN_UNREACHABLE_CODE = YES;
				CLANG_WARN__DUPLICATE_METHOD_MATCH = YES;
				COPY_PHASE_STRIP = NO;
				DEBUG_INFORMATION_FORMAT = "dwarf-with-dsym";
				ENABLE_NS_ASSERTIONS = NO;
				ENABLE_STRICT_OBJC_MSGSEND = YES;
				GCC_C_LANGUAGE_STANDARD = gnu11;
				GCC_NO_COMMON_BLOCKS = YES;
				GCC_WARN_64_TO_32_BIT_CONVERSION = YES;
				GCC_WARN_ABOUT_RETURN_TYPE = YES_ERROR;
				GCC_WARN_UNDECLARED_SELECTOR = YES;
				GCC_WARN_UNINITIALIZED_AUTOS = YES_AGGRESSIVE;
				GCC_WARN_UNUSED_FUNCTION = YES;
				GCC_WARN_UNUSED_VARIABLE = YES;
				IPHONEOS_DEPLOYMENT_TARGET = 14.5;
				MTL_ENABLE_DEBUG_INFO = NO;
				MTL_FAST_MATH = YES;
				SDKROOT = iphoneos;
				SWIFT_COMPILATION_MODE = wholemodule;
				SWIFT_OPTIMIZATION_LEVEL = "-O";
				VALIDATE_PRODUCT = YES;
			};
			name = Release;
		};
		FA8E7DA92771608400ECBFC1 /* Debug */ = {
			isa = XCBuildConfiguration;
			buildSettings = {
				ASSETCATALOG_COMPILER_APPICON_NAME = AppIcon;
				ASSETCATALOG_COMPILER_GLOBAL_ACCENT_COLOR_NAME = AccentColor;
				CODE_SIGN_STYLE = Automatic;
				INFOPLIST_FILE = "Bài Tập13/Info.plist";
				LD_RUNPATH_SEARCH_PATHS = (
					"$(inherited)",
					"@executable_path/Frameworks",
				);
				PRODUCT_BUNDLE_IDENTIFIER = "tranvu.Ba-i-Ta--p13";
				PRODUCT_NAME = "$(TARGET_NAME)";
				SWIFT_VERSION = 5.0;
				TARGETED_DEVICE_FAMILY = "1,2";
			};
			name = Debug;
		};
		FA8E7DAA2771608400ECBFC1 /* Release */ = {
			isa = XCBuildConfiguration;
			buildSettings = {
				ASSETCATALOG_COMPILER_APPICON_NAME = AppIcon;
				ASSETCATALOG_COMPILER_GLOBAL_ACCENT_COLOR_NAME = AccentColor;
				CODE_SIGN_STYLE = Automatic;
				INFOPLIST_FILE = "Bài Tập13/Info.plist";
				LD_RUNPATH_SEARCH_PATHS = (
					"$(inherited)",
					"@executable_path/Frameworks",
				);
				PRODUCT_BUNDLE_IDENTIFIER = "tranvu.Ba-i-Ta--p13";
				PRODUCT_NAME = "$(TARGET_NAME)";
				SWIFT_VERSION = 5.0;
				TARGETED_DEVICE_FAMILY = "1,2";
			};
			name = Release;
		};
/* End XCBuildConfiguration section */

/* Begin XCConfigurationList section */
		FA8E7D8F2771608300ECBFC1 /* Build configuration list for PBXProject "Bài Tập13" */ = {
			isa = XCConfigurationList;
			buildConfigurations = (
				FA8E7DA62771608400ECBFC1 /* Debug */,
				FA8E7DA72771608400ECBFC1 /* Release */,
			);
			defaultConfigurationIsVisible = 0;
			defaultConfigurationName = Release;
		};
		FA8E7DA82771608400ECBFC1 /* Build configuration list for PBXNativeTarget "Bài Tập13" */ = {
			isa = XCConfigurationList;
			buildConfigurations = (
				FA8E7DA92771608400ECBFC1 /* Debug */,
				FA8E7DAA2771608400ECBFC1 /* Release */,
			);
			defaultConfigurationIsVisible = 0;
			defaultConfigurationName = Release;
		};
/* End XCConfigurationList section */
	};
	rootObject = FA8E7D8C2771608300ECBFC1 /* Project object */;
}
